
Microsoft Visual Studio Solution File, Format Version 12.00
# Visual Studio Version 16
VisualStudioVersion = 16.0.31515.178
MinimumVisualStudioVersion = 10.0.40219.1
Project("{9A19103F-16F7-4668-BE54-9A1E7A4F7556}") = "BookListRazor", "BookListRazor.csproj", "{51CAC010-872B-483F-9A48-B24D4890182D}"
EndProject
Global
	GlobalSection(SolutionConfigurationPlatforms) = preSolution
		Debug|Any CPU = Debug|Any CPU
		Release|Any CPU = Release|Any CPU
	EndGlobalSection
	GlobalSection(ProjectConfigurationPlatforms) = postSolution
		{51CAC010-872B-483F-9A48-B24D4890182D}.Debug|Any CPU.ActiveCfg = Debug|Any CPU
		{51CAC010-872B-483F-9A48-B24D4890182D}.Debug|Any CPU.Build.0 = Debug|Any CPU
		{51CAC010-872B-483F-9A48-B24D4890182D}.Release|Any CPU.ActiveCfg = Release|Any CPU
		{51CAC010-872B-483F-9A48-B24D4890182D}.Release|Any CPU.Build.0 = Release|Any CPU
	EndGlobalSection
	GlobalSection(SolutionProperties) = preSolution
		HideSolutionNode = FALSE
	EndGlobalSection
	GlobalSection(ExtensibilityGlobals) = postSolution
		SolutionGuid = {76537F28-B808-4520-8EF7-8B330F9A5E36}
	EndGlobalSection
EndGlobal
